
Microsoft Visual Studio Solution File, Format Version 12.00
# Visual Studio 15
VisualStudioVersion = 15.0.27004.2005
MinimumVisualStudioVersion = 10.0.40219.1
Project("{FAE04EC0-301F-11D3-BF4B-00C04F79EFBC}") = "Task2", "Task2\Task2.csproj", "{5E9071DA-3981-4442-9865-7CC9F162BC73}"
EndProject
Global
	GlobalSection(SolutionConfigurationPlatforms) = preSolution
		Debug|Any CPU = Debug|Any CPU
		Release|Any CPU = Release|Any CPU
	EndGlobalSection
	GlobalSection(ProjectConfigurationPlatforms) = postSolution
		{5E9071DA-3981-4442-9865-7CC9F162BC73}.Debug|Any CPU.ActiveCfg = Debug|Any CPU
		{5E9071DA-3981-4442-9865-7CC9F162BC73}.Debug|Any CPU.Build.0 = Debug|Any CPU
		{5E9071DA-3981-4442-9865-7CC9F162BC73}.Release|Any CPU.ActiveCfg = Release|Any CPU
		{5E9071DA-3981-4442-9865-7CC9F162BC73}.Release|Any CPU.Build.0 = Release|Any CPU
	EndGlobalSection
	GlobalSection(SolutionProperties) = preSolution
		HideSolutionNode = FALSE
	EndGlobalSection
	GlobalSection(ExtensibilityGlobals) = postSolution
		SolutionGuid = {126447FF-CB55-47D4-9868-E32F87A5801B}
	EndGlobalSection
EndGlobal
